
Microsoft Visual Studio Solution File, Format Version 12.00
# Visual Studio 15
VisualStudioVersion = 15.0.27130.2020
MinimumVisualStudioVersion = 10.0.40219.1
Project("{FAE04EC0-301F-11D3-BF4B-00C04F79EFBC}") = "Save reader", "Save reader\Save reader.csproj", "{6F16DC56-17A7-4A60-9C25-2B79CB09B3C4}"
EndProject
Global
	GlobalSection(SolutionConfigurationPlatforms) = preSolution
		Debug|Any CPU = Debug|Any CPU
		Release|Any CPU = Release|Any CPU
	EndGlobalSection
	GlobalSection(ProjectConfigurationPlatforms) = postSolution
		{6F16DC56-17A7-4A60-9C25-2B79CB09B3C4}.Debug|Any CPU.ActiveCfg = Debug|Any CPU
		{6F16DC56-17A7-4A60-9C25-2B79CB09B3C4}.Debug|Any CPU.Build.0 = Debug|Any CPU
		{6F16DC56-17A7-4A60-9C25-2B79CB09B3C4}.Release|Any CPU.ActiveCfg = Release|Any CPU
		{6F16DC56-17A7-4A60-9C25-2B79CB09B3C4}.Release|Any CPU.Build.0 = Release|Any CPU
	EndGlobalSection
	GlobalSection(SolutionProperties) = preSolution
		HideSolutionNode = FALSE
	EndGlobalSection
	GlobalSection(ExtensibilityGlobals) = postSolution
		SolutionGuid = {5C65A488-BDF8-452A-B21E-976852B18166}
	EndGlobalSection
EndGlobal
